dependencies:
  espressif/esp-dsp:
    component_hash: 42dce32d46ac93dc11f60d368e29a830e9661c7345d794b8a45c343479cae636
    dependencies:
    - name: idf
      require: private
      version: '>=4.2'
    source:
      registry_url: https://components.espressif.com/
      type: service
    version: 1.7.0
  idf:
    source:
      type: idf
    version: 5.5.1
  u8g2:
    component_hash: 0d0b8577124072464e1be22e02f8089af6d01e9bb769d65018d68fcba0065b81
    dependencies: []
    source:
      git: https://github.com/olikraus/u8g2.git
      path: .
      type: git
    version: 6d17a22ad62669440f0feb37fe5c9c0e4d721b46
  u8g2-hal-esp-idf:
    component_hash: 66004895b7fdde41d83039db9efeeeaed11bdea9a456a2a68980818a8a097e81
    dependencies: []
    source:
      git: https://github.com/mkfrey/u8g2-hal-esp-idf.git
      path: .
      type: git
    version: 4ddd714deabdb45885174724306637f2274d4f6b
direct_dependencies:
- espressif/esp-dsp
- idf
- u8g2
- u8g2-hal-esp-idf
manifest_hash: 25233f4440ec430274f0c0f4e49c35608ebfa6975155c77cabb41d8e938534c2
target: esp32s3
version: 2.0.0
